
Microsoft Visual Studio Solution File, Format Version 12.00
# Visual Studio Version 16
VisualStudioVersion = 16.0.30621.155
MinimumVisualStudioVersion = 10.0.40219.1
Project("{9A19103F-16F7-4668-BE54-9A1E7A4F7556}") = "Domari", "Domari\Domari.csproj", "{D3A5652C-42FD-47BF-92BD-1EBABA3E3D10}"
EndProject
Global
	GlobalSection(SolutionConfigurationPlatforms) = preSolution
		Debug|Any CPU = Debug|Any CPU
		Release|Any CPU = Release|Any CPU
	EndGlobalSection
	GlobalSection(ProjectConfigurationPlatforms) = postSolution
		{D3A5652C-42FD-47BF-92BD-1EBABA3E3D10}.Debug|Any CPU.ActiveCfg = Debug|Any CPU
		{D3A5652C-42FD-47BF-92BD-1EBABA3E3D10}.Debug|Any CPU.Build.0 = Debug|Any CPU
		{D3A5652C-42FD-47BF-92BD-1EBABA3E3D10}.Release|Any CPU.ActiveCfg = Release|Any CPU
		{D3A5652C-42FD-47BF-92BD-1EBABA3E3D10}.Release|Any CPU.Build.0 = Release|Any CPU
	EndGlobalSection
	GlobalSection(SolutionProperties) = preSolution
		HideSolutionNode = FALSE
	EndGlobalSection
	GlobalSection(ExtensibilityGlobals) = postSolution
		SolutionGuid = {28CC455C-C73B-459C-8736-F1E18F4F7E09}
	EndGlobalSection
EndGlobal
