
Microsoft Visual Studio Solution File, Format Version 12.00
# Visual Studio Version 16
VisualStudioVersion = 16.0.30621.155
MinimumVisualStudioVersion = 10.0.40219.1
Project("{FAE04EC0-301F-11D3-BF4B-00C04F79EFBC}") = "IMDB", "IMDB\IMDB.csproj", "{F87CA91E-169F-43E0-9B36-5D3E11E7AEC5}"
EndProject
Project("{FAE04EC0-301F-11D3-BF4B-00C04F79EFBC}") = "Unit Testovi", "Unit Testovi\Unit Testovi.csproj", "{AEE01455-11EC-4D8B-966B-470791F19819}"
EndProject
Global
	GlobalSection(SolutionConfigurationPlatforms) = preSolution
		Debug|Any CPU = Debug|Any CPU
		Release|Any CPU = Release|Any CPU
	EndGlobalSection
	GlobalSection(ProjectConfigurationPlatforms) = postSolution
		{F87CA91E-169F-43E0-9B36-5D3E11E7AEC5}.Debug|Any CPU.ActiveCfg = Debug|Any CPU
		{F87CA91E-169F-43E0-9B36-5D3E11E7AEC5}.Debug|Any CPU.Build.0 = Debug|Any CPU
		{F87CA91E-169F-43E0-9B36-5D3E11E7AEC5}.Release|Any CPU.ActiveCfg = Release|Any CPU
		{F87CA91E-169F-43E0-9B36-5D3E11E7AEC5}.Release|Any CPU.Build.0 = Release|Any CPU
		{AEE01455-11EC-4D8B-966B-470791F19819}.Debug|Any CPU.ActiveCfg = Debug|Any CPU
		{AEE01455-11EC-4D8B-966B-470791F19819}.Debug|Any CPU.Build.0 = Debug|Any CPU
		{AEE01455-11EC-4D8B-966B-470791F19819}.Release|Any CPU.ActiveCfg = Release|Any CPU
		{AEE01455-11EC-4D8B-966B-470791F19819}.Release|Any CPU.Build.0 = Release|Any CPU
	EndGlobalSection
	GlobalSection(SolutionProperties) = preSolution
		HideSolutionNode = FALSE
	EndGlobalSection
	GlobalSection(ExtensibilityGlobals) = postSolution
		SolutionGuid = {E307FA78-3DF3-42DD-A57E-DCB25C9F5751}
	EndGlobalSection
EndGlobal
