
Microsoft Visual Studio Solution File, Format Version 12.00
# Visual Studio Version 16
VisualStudioVersion = 16.0.30621.155
MinimumVisualStudioVersion = 10.0.40219.1
Project("{FAE04EC0-301F-11D3-BF4B-00C04F79EFBC}") = "Filmoteka", "Filmoteka\Filmoteka.csproj", "{0F2A7D4F-73E0-4672-814C-4BAB2D11B862}"
EndProject
Project("{FAE04EC0-301F-11D3-BF4B-00C04F79EFBC}") = "Unit Testovi", "Unit Testovi\Unit Testovi.csproj", "{CFCB25C9-0641-4C83-B659-3B7720704728}"
EndProject
Global
	GlobalSection(SolutionConfigurationPlatforms) = preSolution
		Debug|Any CPU = Debug|Any CPU
		Release|Any CPU = Release|Any CPU
	EndGlobalSection
	GlobalSection(ProjectConfigurationPlatforms) = postSolution
		{0F2A7D4F-73E0-4672-814C-4BAB2D11B862}.Debug|Any CPU.ActiveCfg = Debug|Any CPU
		{0F2A7D4F-73E0-4672-814C-4BAB2D11B862}.Debug|Any CPU.Build.0 = Debug|Any CPU
		{0F2A7D4F-73E0-4672-814C-4BAB2D11B862}.Release|Any CPU.ActiveCfg = Release|Any CPU
		{0F2A7D4F-73E0-4672-814C-4BAB2D11B862}.Release|Any CPU.Build.0 = Release|Any CPU
		{CFCB25C9-0641-4C83-B659-3B7720704728}.Debug|Any CPU.ActiveCfg = Debug|Any CPU
		{CFCB25C9-0641-4C83-B659-3B7720704728}.Debug|Any CPU.Build.0 = Debug|Any CPU
		{CFCB25C9-0641-4C83-B659-3B7720704728}.Release|Any CPU.ActiveCfg = Release|Any CPU
		{CFCB25C9-0641-4C83-B659-3B7720704728}.Release|Any CPU.Build.0 = Release|Any CPU
	EndGlobalSection
	GlobalSection(SolutionProperties) = preSolution
		HideSolutionNode = FALSE
	EndGlobalSection
	GlobalSection(ExtensibilityGlobals) = postSolution
		SolutionGuid = {E601E5BC-AEB2-499B-B3F2-8F618BEB351F}
	EndGlobalSection
EndGlobal
