
Microsoft Visual Studio Solution File, Format Version 12.00
# Visual Studio Version 16
VisualStudioVersion = 16.0.30011.22
MinimumVisualStudioVersion = 10.0.40219.1
Project("{9A19103F-16F7-4668-BE54-9A1E7A4F7556}") = "EParking", "EParking.csproj", "{4F04EA3F-24A5-4B1E-807C-AC488761B469}"
EndProject
Global
	GlobalSection(SolutionConfigurationPlatforms) = preSolution
		Debug|Any CPU = Debug|Any CPU
		Release|Any CPU = Release|Any CPU
	EndGlobalSection
	GlobalSection(ProjectConfigurationPlatforms) = postSolution
		{4F04EA3F-24A5-4B1E-807C-AC488761B469}.Debug|Any CPU.ActiveCfg = Debug|Any CPU
		{4F04EA3F-24A5-4B1E-807C-AC488761B469}.Debug|Any CPU.Build.0 = Debug|Any CPU
		{4F04EA3F-24A5-4B1E-807C-AC488761B469}.Release|Any CPU.ActiveCfg = Release|Any CPU
		{4F04EA3F-24A5-4B1E-807C-AC488761B469}.Release|Any CPU.Build.0 = Release|Any CPU
	EndGlobalSection
	GlobalSection(SolutionProperties) = preSolution
		HideSolutionNode = FALSE
	EndGlobalSection
	GlobalSection(ExtensibilityGlobals) = postSolution
		SolutionGuid = {653A5D57-062B-4865-8EFF-26265F42A55A}
	EndGlobalSection
EndGlobal
