
Microsoft Visual Studio Solution File, Format Version 12.00
# Visual Studio Version 16
VisualStudioVersion = 16.0.30621.155
MinimumVisualStudioVersion = 10.0.40219.1
Project("{9A19103F-16F7-4668-BE54-9A1E7A4F7556}") = "EBank", "EBank\EBank.csproj", "{007C425B-9D5F-43BC-A489-35E600629111}"
EndProject
Global
	GlobalSection(SolutionConfigurationPlatforms) = preSolution
		Debug|Any CPU = Debug|Any CPU
		Release|Any CPU = Release|Any CPU
	EndGlobalSection
	GlobalSection(ProjectConfigurationPlatforms) = postSolution
		{007C425B-9D5F-43BC-A489-35E600629111}.Debug|Any CPU.ActiveCfg = Debug|Any CPU
		{007C425B-9D5F-43BC-A489-35E600629111}.Debug|Any CPU.Build.0 = Debug|Any CPU
		{007C425B-9D5F-43BC-A489-35E600629111}.Release|Any CPU.ActiveCfg = Release|Any CPU
		{007C425B-9D5F-43BC-A489-35E600629111}.Release|Any CPU.Build.0 = Release|Any CPU
	EndGlobalSection
	GlobalSection(SolutionProperties) = preSolution
		HideSolutionNode = FALSE
	EndGlobalSection
	GlobalSection(ExtensibilityGlobals) = postSolution
		SolutionGuid = {183E9DFA-4EEC-4B5A-9DB3-560CF180EEBB}
	EndGlobalSection
EndGlobal
