
Microsoft Visual Studio Solution File, Format Version 12.00
# Visual Studio Version 16
VisualStudioVersion = 16.0.30621.155
MinimumVisualStudioVersion = 10.0.40219.1
Project("{FAE04EC0-301F-11D3-BF4B-00C04F79EFBC}") = "eParking", "eParking\eParking.csproj", "{34999714-6129-4D6B-B5AD-EBB2AC91B83F}"
EndProject
Project("{FAE04EC0-301F-11D3-BF4B-00C04F79EFBC}") = "Unit Testovi", "Unit Testovi\Unit Testovi.csproj", "{35D6A4D2-CB40-4CFC-B186-4AD79CAA2698}"
EndProject
Global
	GlobalSection(SolutionConfigurationPlatforms) = preSolution
		Debug|Any CPU = Debug|Any CPU
		Release|Any CPU = Release|Any CPU
	EndGlobalSection
	GlobalSection(ProjectConfigurationPlatforms) = postSolution
		{34999714-6129-4D6B-B5AD-EBB2AC91B83F}.Debug|Any CPU.ActiveCfg = Debug|Any CPU
		{34999714-6129-4D6B-B5AD-EBB2AC91B83F}.Debug|Any CPU.Build.0 = Debug|Any CPU
		{34999714-6129-4D6B-B5AD-EBB2AC91B83F}.Release|Any CPU.ActiveCfg = Release|Any CPU
		{34999714-6129-4D6B-B5AD-EBB2AC91B83F}.Release|Any CPU.Build.0 = Release|Any CPU
		{35D6A4D2-CB40-4CFC-B186-4AD79CAA2698}.Debug|Any CPU.ActiveCfg = Debug|Any CPU
		{35D6A4D2-CB40-4CFC-B186-4AD79CAA2698}.Debug|Any CPU.Build.0 = Debug|Any CPU
		{35D6A4D2-CB40-4CFC-B186-4AD79CAA2698}.Release|Any CPU.ActiveCfg = Release|Any CPU
		{35D6A4D2-CB40-4CFC-B186-4AD79CAA2698}.Release|Any CPU.Build.0 = Release|Any CPU
	EndGlobalSection
	GlobalSection(SolutionProperties) = preSolution
		HideSolutionNode = FALSE
	EndGlobalSection
	GlobalSection(ExtensibilityGlobals) = postSolution
		SolutionGuid = {4F36F600-7AA6-444E-962D-8815D1BA5480}
	EndGlobalSection
EndGlobal
