
Microsoft Visual Studio Solution File, Format Version 12.00
# Visual Studio Version 16
VisualStudioVersion = 16.0.30621.155
MinimumVisualStudioVersion = 10.0.40219.1
Project("{FAE04EC0-301F-11D3-BF4B-00C04F79EFBC}") = "Priprema za Zadaću 3", "Priprema za Zadaću 3\Priprema za Zadaću 3.csproj", "{11401683-498C-4BF2-BCE1-C7A5E17D15ED}"
EndProject
Global
	GlobalSection(SolutionConfigurationPlatforms) = preSolution
		Debug|Any CPU = Debug|Any CPU
		Release|Any CPU = Release|Any CPU
	EndGlobalSection
	GlobalSection(ProjectConfigurationPlatforms) = postSolution
		{11401683-498C-4BF2-BCE1-C7A5E17D15ED}.Debug|Any CPU.ActiveCfg = Debug|Any CPU
		{11401683-498C-4BF2-BCE1-C7A5E17D15ED}.Debug|Any CPU.Build.0 = Debug|Any CPU
		{11401683-498C-4BF2-BCE1-C7A5E17D15ED}.Release|Any CPU.ActiveCfg = Release|Any CPU
		{11401683-498C-4BF2-BCE1-C7A5E17D15ED}.Release|Any CPU.Build.0 = Release|Any CPU
	EndGlobalSection
	GlobalSection(SolutionProperties) = preSolution
		HideSolutionNode = FALSE
	EndGlobalSection
	GlobalSection(ExtensibilityGlobals) = postSolution
		SolutionGuid = {19D85F51-DF23-4988-8FCD-54821EB5132C}
	EndGlobalSection
EndGlobal
